
Microsoft Visual Studio Solution File, Format Version 12.00
# Visual Studio 2017
Project("{FAE04EC0-301F-11D3-BF4B-00C04F79EFBC}") = "オケアノス", "オケアノス.csproj", "{F106113B-D448-9460-E899-7CFF1DCD69C8}"
EndProject
Project("{FAE04EC0-301F-11D3-BF4B-00C04F79EFBC}") = "オケアノス.Plugins", "オケアノス.Plugins.csproj", "{8F07C0BF-9B9D-3114-39AF-19368FB72A74}"
EndProject
Project("{FAE04EC0-301F-11D3-BF4B-00C04F79EFBC}") = "オケアノス.Editor", "オケアノス.Editor.csproj", "{D6D3CC99-15B4-0885-F932-2345DA459032}"
EndProject
Global
	GlobalSection(SolutionConfigurationPlatforms) = preSolution
		Debug|Any CPU = Debug|Any CPU
		Release|Any CPU = Release|Any CPU
	EndGlobalSection
	GlobalSection(ProjectConfigurationPlatforms) = postSolution
		{F106113B-D448-9460-E899-7CFF1DCD69C8}.Debug|Any CPU.ActiveCfg = Debug|Any CPU
		{F106113B-D448-9460-E899-7CFF1DCD69C8}.Debug|Any CPU.Build.0 = Debug|Any CPU
		{F106113B-D448-9460-E899-7CFF1DCD69C8}.Release|Any CPU.ActiveCfg = Release|Any CPU
		{F106113B-D448-9460-E899-7CFF1DCD69C8}.Release|Any CPU.Build.0 = Release|Any CPU
		{8F07C0BF-9B9D-3114-39AF-19368FB72A74}.Debug|Any CPU.ActiveCfg = Debug|Any CPU
		{8F07C0BF-9B9D-3114-39AF-19368FB72A74}.Debug|Any CPU.Build.0 = Debug|Any CPU
		{8F07C0BF-9B9D-3114-39AF-19368FB72A74}.Release|Any CPU.ActiveCfg = Release|Any CPU
		{8F07C0BF-9B9D-3114-39AF-19368FB72A74}.Release|Any CPU.Build.0 = Release|Any CPU
		{D6D3CC99-15B4-0885-F932-2345DA459032}.Debug|Any CPU.ActiveCfg = Debug|Any CPU
		{D6D3CC99-15B4-0885-F932-2345DA459032}.Debug|Any CPU.Build.0 = Debug|Any CPU
		{D6D3CC99-15B4-0885-F932-2345DA459032}.Release|Any CPU.ActiveCfg = Release|Any CPU
		{D6D3CC99-15B4-0885-F932-2345DA459032}.Release|Any CPU.Build.0 = Release|Any CPU
	EndGlobalSection
	GlobalSection(SolutionProperties) = preSolution
		HideSolutionNode = FALSE
	EndGlobalSection
EndGlobal
